
Microsoft Visual Studio Solution File, Format Version 12.00
# Visual Studio Version 17
VisualStudioVersion = 17.3.32929.385
MinimumVisualStudioVersion = 10.0.40219.1
Project("{FAE04EC0-301F-11D3-BF4B-00C04F79EFBC}") = "Harjoitus_1", "Harjoitus_1\Harjoitus_1.csproj", "{C7DA280A-09DA-49F5-81B2-167ED7B463EB}"
EndProject
Global
	GlobalSection(SolutionConfigurationPlatforms) = preSolution
		Debug|Any CPU = Debug|Any CPU
		Release|Any CPU = Release|Any CPU
	EndGlobalSection
	GlobalSection(ProjectConfigurationPlatforms) = postSolution
		{C7DA280A-09DA-49F5-81B2-167ED7B463EB}.Debug|Any CPU.ActiveCfg = Debug|Any CPU
		{C7DA280A-09DA-49F5-81B2-167ED7B463EB}.Debug|Any CPU.Build.0 = Debug|Any CPU
		{C7DA280A-09DA-49F5-81B2-167ED7B463EB}.Release|Any CPU.ActiveCfg = Release|Any CPU
		{C7DA280A-09DA-49F5-81B2-167ED7B463EB}.Release|Any CPU.Build.0 = Release|Any CPU
	EndGlobalSection
	GlobalSection(SolutionProperties) = preSolution
		HideSolutionNode = FALSE
	EndGlobalSection
	GlobalSection(ExtensibilityGlobals) = postSolution
		SolutionGuid = {08CAD5FE-2976-4EC9-8905-519CE654A2E4}
	EndGlobalSection
EndGlobal
